
Microsoft Visual Studio Solution File, Format Version 12.00
# Visual Studio Version 17
VisualStudioVersion = 17.7.34024.191
MinimumVisualStudioVersion = 10.0.40219.1
Project("{FAE04EC0-301F-11D3-BF4B-00C04F79EFBC}") = "SpecificWordParser", "SpecificWordParser\SpecificWordParser.csproj", "{37BDE187-4D26-4BE1-AC81-4AC171C8D6B1}"
EndProject
Global
	GlobalSection(SolutionConfigurationPlatforms) = preSolution
		Debug|Any CPU = Debug|Any CPU
		Release|Any CPU = Release|Any CPU
	EndGlobalSection
	GlobalSection(ProjectConfigurationPlatforms) = postSolution
		{37BDE187-4D26-4BE1-AC81-4AC171C8D6B1}.Debug|Any CPU.ActiveCfg = Debug|Any CPU
		{37BDE187-4D26-4BE1-AC81-4AC171C8D6B1}.Debug|Any CPU.Build.0 = Debug|Any CPU
		{37BDE187-4D26-4BE1-AC81-4AC171C8D6B1}.Release|Any CPU.ActiveCfg = Release|Any CPU
		{37BDE187-4D26-4BE1-AC81-4AC171C8D6B1}.Release|Any CPU.Build.0 = Release|Any CPU
	EndGlobalSection
	GlobalSection(SolutionProperties) = preSolution
		HideSolutionNode = FALSE
	EndGlobalSection
	GlobalSection(ExtensibilityGlobals) = postSolution
		SolutionGuid = {45EC97EA-B2EC-48AD-A840-C147A8F0AC15}
	EndGlobalSection
EndGlobal
